
Microsoft Visual Studio Solution File, Format Version 12.00
# Visual Studio Version 16
VisualStudioVersion = 16.0.31729.503
MinimumVisualStudioVersion = 10.0.40219.1
Project("{9A19103F-16F7-4668-BE54-9A1E7A4F7556}") = "BazaFilmowa", "BazaFilmowa\BazaFilmowa.csproj", "{5B9D9457-7209-4DF0-84DF-E7EF7333E5F2}"
EndProject
Project("{FAE04EC0-301F-11D3-BF4B-00C04F79EFBC}") = "BazaFilmowa.IntegrationTests", "BazaFilmowa.IntegrationTests\BazaFilmowa.IntegrationTests.csproj", "{C43DD3B0-A3D0-42CD-B14D-8354F4AAF3CF}"
EndProject
Global
	GlobalSection(SolutionConfigurationPlatforms) = preSolution
		Debug|Any CPU = Debug|Any CPU
		Release|Any CPU = Release|Any CPU
	EndGlobalSection
	GlobalSection(ProjectConfigurationPlatforms) = postSolution
		{5B9D9457-7209-4DF0-84DF-E7EF7333E5F2}.Debug|Any CPU.ActiveCfg = Debug|Any CPU
		{5B9D9457-7209-4DF0-84DF-E7EF7333E5F2}.Debug|Any CPU.Build.0 = Debug|Any CPU
		{5B9D9457-7209-4DF0-84DF-E7EF7333E5F2}.Release|Any CPU.ActiveCfg = Release|Any CPU
		{5B9D9457-7209-4DF0-84DF-E7EF7333E5F2}.Release|Any CPU.Build.0 = Release|Any CPU
		{C43DD3B0-A3D0-42CD-B14D-8354F4AAF3CF}.Debug|Any CPU.ActiveCfg = Debug|Any CPU
		{C43DD3B0-A3D0-42CD-B14D-8354F4AAF3CF}.Debug|Any CPU.Build.0 = Debug|Any CPU
		{C43DD3B0-A3D0-42CD-B14D-8354F4AAF3CF}.Release|Any CPU.ActiveCfg = Release|Any CPU
		{C43DD3B0-A3D0-42CD-B14D-8354F4AAF3CF}.Release|Any CPU.Build.0 = Release|Any CPU
	EndGlobalSection
	GlobalSection(SolutionProperties) = preSolution
		HideSolutionNode = FALSE
	EndGlobalSection
	GlobalSection(ExtensibilityGlobals) = postSolution
		SolutionGuid = {AA308589-11C2-4831-BBA7-9BD15C4A69ED}
	EndGlobalSection
EndGlobal
